
Microsoft Visual Studio Solution File, Format Version 12.00
# Visual Studio Version 17
VisualStudioVersion = 17.5.33502.453
MinimumVisualStudioVersion = 10.0.40219.1
Project("{FAE04EC0-301F-11D3-BF4B-00C04F79EFBC}") = "黎明觉醒AI辅助工具", "黎明觉醒AI辅助工具\黎明觉醒AI辅助工具.csproj", "{32D74E6B-1D00-45A7-B249-8BA54CBF216C}"
EndProject
Global
	GlobalSection(SolutionConfigurationPlatforms) = preSolution
		Debug|Any CPU = Debug|Any CPU
		Release|Any CPU = Release|Any CPU
	EndGlobalSection
	GlobalSection(ProjectConfigurationPlatforms) = postSolution
		{32D74E6B-1D00-45A7-B249-8BA54CBF216C}.Debug|Any CPU.ActiveCfg = Debug|Any CPU
		{32D74E6B-1D00-45A7-B249-8BA54CBF216C}.Debug|Any CPU.Build.0 = Debug|Any CPU
		{32D74E6B-1D00-45A7-B249-8BA54CBF216C}.Release|Any CPU.ActiveCfg = Release|Any CPU
		{32D74E6B-1D00-45A7-B249-8BA54CBF216C}.Release|Any CPU.Build.0 = Release|Any CPU
	EndGlobalSection
	GlobalSection(SolutionProperties) = preSolution
		HideSolutionNode = FALSE
	EndGlobalSection
	GlobalSection(ExtensibilityGlobals) = postSolution
		SolutionGuid = {1690F6A6-85C3-4922-860A-3CD3C09E7916}
	EndGlobalSection
EndGlobal
